
Microsoft Visual Studio Solution File, Format Version 12.00
# Visual Studio Version 17
VisualStudioVersion = 17.1.32421.90
MinimumVisualStudioVersion = 10.0.40219.1
Project("{FAE04EC0-301F-11D3-BF4B-00C04F79EFBC}") = "SharpConvert", "SharpConvert\SharpConvert.csproj", "{EBF81BE7-3CEC-4CD3-9623-BA1C96D47712}"
EndProject
Project("{FAE04EC0-301F-11D3-BF4B-00C04F79EFBC}") = "Tests", "Tests\Tests.csproj", "{30602F90-43FF-427D-9DA6-4D4CA6462EF7}"
EndProject
Project("{FAE04EC0-301F-11D3-BF4B-00C04F79EFBC}") = "SharpConvert.JsonNet", "SharpConvert.JsonNet\SharpConvert.JsonNet.csproj", "{6A55461E-75F8-4E50-AD83-D52875C55363}"
EndProject
Project("{FAE04EC0-301F-11D3-BF4B-00C04F79EFBC}") = "Benchmark", "Benchmark\Benchmark.csproj", "{EA4AE1FE-E963-4591-84F9-081056CEEBA7}"
EndProject
Project("{FAE04EC0-301F-11D3-BF4B-00C04F79EFBC}") = "SharpConvert.Experimental", "SharpConvert.Experimental\SharpConvert.Experimental.csproj", "{8A0D738B-8C2A-43C2-A0CF-3EF46B589084}"
EndProject
Global
	GlobalSection(SolutionConfigurationPlatforms) = preSolution
		Debug|AnyCPU = Debug|AnyCPU
		Release|AnyCPU = Release|AnyCPU
	EndGlobalSection
	GlobalSection(ProjectConfigurationPlatforms) = postSolution
		{EBF81BE7-3CEC-4CD3-9623-BA1C96D47712}.Debug|AnyCPU.ActiveCfg = Debug|AnyCPU
		{EBF81BE7-3CEC-4CD3-9623-BA1C96D47712}.Debug|AnyCPU.Build.0 = Debug|AnyCPU
		{EBF81BE7-3CEC-4CD3-9623-BA1C96D47712}.Release|AnyCPU.ActiveCfg = Release|AnyCPU
		{EBF81BE7-3CEC-4CD3-9623-BA1C96D47712}.Release|AnyCPU.Build.0 = Release|AnyCPU
		{30602F90-43FF-427D-9DA6-4D4CA6462EF7}.Debug|AnyCPU.ActiveCfg = Debug|AnyCPU
		{30602F90-43FF-427D-9DA6-4D4CA6462EF7}.Debug|AnyCPU.Build.0 = Debug|AnyCPU
		{30602F90-43FF-427D-9DA6-4D4CA6462EF7}.Release|AnyCPU.ActiveCfg = Release|AnyCPU
		{30602F90-43FF-427D-9DA6-4D4CA6462EF7}.Release|AnyCPU.Build.0 = Release|AnyCPU
		{6A55461E-75F8-4E50-AD83-D52875C55363}.Debug|AnyCPU.ActiveCfg = Debug|Any CPU
		{6A55461E-75F8-4E50-AD83-D52875C55363}.Debug|AnyCPU.Build.0 = Debug|Any CPU
		{6A55461E-75F8-4E50-AD83-D52875C55363}.Release|AnyCPU.ActiveCfg = Release|Any CPU
		{6A55461E-75F8-4E50-AD83-D52875C55363}.Release|AnyCPU.Build.0 = Release|Any CPU
		{EA4AE1FE-E963-4591-84F9-081056CEEBA7}.Debug|AnyCPU.ActiveCfg = Debug|Any CPU
		{EA4AE1FE-E963-4591-84F9-081056CEEBA7}.Debug|AnyCPU.Build.0 = Debug|Any CPU
		{EA4AE1FE-E963-4591-84F9-081056CEEBA7}.Release|AnyCPU.ActiveCfg = Release|Any CPU
		{EA4AE1FE-E963-4591-84F9-081056CEEBA7}.Release|AnyCPU.Build.0 = Release|Any CPU
		{8A0D738B-8C2A-43C2-A0CF-3EF46B589084}.Debug|AnyCPU.ActiveCfg = Debug|Any CPU
		{8A0D738B-8C2A-43C2-A0CF-3EF46B589084}.Debug|AnyCPU.Build.0 = Debug|Any CPU
		{8A0D738B-8C2A-43C2-A0CF-3EF46B589084}.Release|AnyCPU.ActiveCfg = Release|Any CPU
		{8A0D738B-8C2A-43C2-A0CF-3EF46B589084}.Release|AnyCPU.Build.0 = Release|Any CPU
	EndGlobalSection
	GlobalSection(SolutionProperties) = preSolution
		HideSolutionNode = FALSE
	EndGlobalSection
EndGlobal
