
Microsoft Visual Studio Solution File, Format Version 11.00
# Visual Studio 2010
Project("{FAE04EC0-301F-11D3-BF4B-00C04F79EFBC}") = "SharpConvert", "SharpConvert\SharpConvert.csproj", "{EBF81BE7-3CEC-4CD3-9623-BA1C96D47712}"
EndProject
Project("{FAE04EC0-301F-11D3-BF4B-00C04F79EFBC}") = "Tests", "Tests\Tests.csproj", "{30602F90-43FF-427D-9DA6-4D4CA6462EF7}"
EndProject
Global
	GlobalSection(SolutionConfigurationPlatforms) = preSolution
		Debug|AnyCPU = Debug|AnyCPU
		Release|AnyCPU = Release|AnyCPU
	EndGlobalSection
	GlobalSection(ProjectConfigurationPlatforms) = postSolution
		{EBF81BE7-3CEC-4CD3-9623-BA1C96D47712}.Debug|AnyCPU.ActiveCfg = Debug|AnyCPU
		{EBF81BE7-3CEC-4CD3-9623-BA1C96D47712}.Debug|AnyCPU.Build.0 = Debug|AnyCPU
		{EBF81BE7-3CEC-4CD3-9623-BA1C96D47712}.Release|AnyCPU.ActiveCfg = Release|AnyCPU
		{EBF81BE7-3CEC-4CD3-9623-BA1C96D47712}.Release|AnyCPU.Build.0 = Release|AnyCPU
		{30602F90-43FF-427D-9DA6-4D4CA6462EF7}.Debug|AnyCPU.ActiveCfg = Debug|AnyCPU
		{30602F90-43FF-427D-9DA6-4D4CA6462EF7}.Debug|AnyCPU.Build.0 = Debug|AnyCPU
		{30602F90-43FF-427D-9DA6-4D4CA6462EF7}.Release|AnyCPU.ActiveCfg = Release|AnyCPU
		{30602F90-43FF-427D-9DA6-4D4CA6462EF7}.Release|AnyCPU.Build.0 = Release|AnyCPU
	EndGlobalSection
	GlobalSection(SolutionProperties) = preSolution
		HideSolutionNode = FALSE
	EndGlobalSection
EndGlobal
